
Microsoft Visual Studio Solution File, Format Version 12.00
# Visual Studio Version 17
VisualStudioVersion = 17.0.32014.148
MinimumVisualStudioVersion = 10.0.40219.1
Project("{FAE04EC0-301F-11D3-BF4B-00C04F79EFBC}") = "Better Enemies", "Better Enemies\Better Enemies.csproj", "{9EEBC8B4-5E2B-4014-AA8F-7646189B9198}"
EndProject
Global
	GlobalSection(SolutionConfigurationPlatforms) = preSolution
		Debug|Any CPU = Debug|Any CPU
		Release|Any CPU = Release|Any CPU
	EndGlobalSection
	GlobalSection(ProjectConfigurationPlatforms) = postSolution
		{9EEBC8B4-5E2B-4014-AA8F-7646189B9198}.Debug|Any CPU.ActiveCfg = Debug|Any CPU
		{9EEBC8B4-5E2B-4014-AA8F-7646189B9198}.Debug|Any CPU.Build.0 = Debug|Any CPU
		{9EEBC8B4-5E2B-4014-AA8F-7646189B9198}.Release|Any CPU.ActiveCfg = Release|Any CPU
		{9EEBC8B4-5E2B-4014-AA8F-7646189B9198}.Release|Any CPU.Build.0 = Release|Any CPU
	EndGlobalSection
	GlobalSection(SolutionProperties) = preSolution
		HideSolutionNode = FALSE
	EndGlobalSection
	GlobalSection(ExtensibilityGlobals) = postSolution
		SolutionGuid = {03530866-96D4-4574-9F3A-DACF94D3C6AA}
	EndGlobalSection
EndGlobal
